# This file is autogenerated, do not edit; changes may be undone by the next 'dep ensure'.


[[projects]]
  digest = "1:6d8a3b164679872fa5a4c44559235f7fb109c7b5cd0f456a2159d579b76cc9ba"
  name = "github.com/DataDog/zstd"
  packages = ["."]
  pruneopts = "UT"
  revision = "809b919c325d7887bff7bd876162af73db53e878"
  version = "v1.4.0"

[[projects]]
  digest = "1:b449dbaada891dc97f016bc3519bb1af0e1a4296828f7a560a0ba47ea75f20bb"
  name = "github.com/Shopify/sarama"
  packages = ["."]
  pruneopts = "UT"
  revision = "dde3ddda8b4b3a594690086725799ab1573bb895"
  version = "v1.23.0"

[[projects]]
  digest = "1:8ed3bd6f13177e87ebd14c2ee3971f1ef264c87c1119f34bb6615f876642bf51"
  name = "github.com/TV4/logrus-stackdriver-formatter"
  packages = ["."]
  pruneopts = "UT"
  revision = "4580df31bae116b734c17ffd155492461d5facb6"
  version = "v0.1.0"

[[projects]]
  digest = "1:7b81d2ed76bf960333a8020c4b8c22abd6072f0b54ad31c66e90e6a17a19315a"
  name = "github.com/bshuster-repo/logrus-logstash-hook"
  packages = ["."]
  pruneopts = "UT"
  revision = "dbc1e22735aa6ed7bd9579a407c17bc7c4a4e046"
  version = "v0.4.1"

[[projects]]
  digest = "1:ffe9824d294da03b391f44e1ae8281281b4afc1bdaa9588c9097785e3af10cec"
  name = "github.com/davecgh/go-spew"
  packages = ["spew"]
  pruneopts = "UT"
  revision = "8991bc29aa16c548c550c7ff78260e27b9ab7c73"
  version = "v1.1.1"

[[projects]]
  digest = "1:1f0c7ab489b407a7f8f9ad16c25a504d28ab461517a971d341388a56156c1bd7"
  name = "github.com/eapache/go-resiliency"
  packages = ["breaker"]
  pruneopts = "UT"
  revision = "5efd2ed019fd331ec2defc6f3bd98882f1e3e636"
  version = "v1.2.0"

[[projects]]
  branch = "master"
  digest = "1:79f16588b5576b1b3cd90e48d2374cc9a1a8776862d28d8fd0f23b0e15534967"
  name = "github.com/eapache/go-xerial-snappy"
  packages = ["."]
  pruneopts = "UT"
  revision = "776d5712da21bc4762676d614db1d8a64f4238b0"

[[projects]]
  digest = "1:444b82bfe35c83bbcaf84e310fb81a1f9ece03edfed586483c869e2c046aef69"
  name = "github.com/eapache/queue"
  packages = ["."]
  pruneopts = "UT"
  revision = "44cc805cf13205b55f69e14bcb69867d1ae92f98"
  version = "v1.1.0"

[[projects]]
  branch = "master"
  digest = "1:cdec73a55fb05ff51e2a01d12efe7b773083aaad3a6d41d747a4f0a742d61a9d"
  name = "github.com/fiam/gounidecode"
  packages = ["unidecode"]
  pruneopts = "UT"
  revision = "8deddbd03fec2c28969266e52f27b6fb22be1823"

[[projects]]
  digest = "1:abeb38ade3f32a92943e5be54f55ed6d6e3b6602761d74b4aab4c9dd45c18abd"
  name = "github.com/fsnotify/fsnotify"
  packages = ["."]
  pruneopts = "UT"
  revision = "c2828203cd70a50dcccfb2761f8b1f8ceef9a8e9"
  version = "v1.4.7"

[[projects]]
  digest = "1:0594af97b2f4cec6554086eeace6597e20a4b69466eb4ada25adf9f4300dddd2"
  name = "github.com/garyburd/redigo"
  packages = [
    "internal",
    "redis",
  ]
  pruneopts = "UT"
  revision = "a69d19351219b6dd56f274f96d85a7014a2ec34e"
  version = "v1.6.0"

[[projects]]
  digest = "1:586ea76dbd0374d6fb649a91d70d652b7fe0ccffb8910a77468e7702e7901f3d"
  name = "github.com/go-stack/stack"
  packages = ["."]
  pruneopts = "UT"
  revision = "2fee6af1a9795aafbe0253a0cfbdf668e1fb8a9a"
  version = "v1.8.0"

[[projects]]
  digest = "1:bed9d72d596f94e65fff37f4d6c01398074a6bb1c3f3ceff963516bd01db6ff5"
  name = "github.com/gofrs/uuid"
  packages = ["."]
  pruneopts = "UT"
  revision = "6b08a5c5172ba18946672b49749cde22873dd7c2"
  version = "v3.2.0"

[[projects]]
  digest = "1:e4f5819333ac698d294fe04dbf640f84719658d5c7ce195b10060cc37292ce79"
  name = "github.com/golang/snappy"
  packages = ["."]
  pruneopts = "UT"
  revision = "2a8bb927dd31d8daada140a5d09578521ce5c36a"
  version = "v0.0.1"

[[projects]]
  digest = "1:f14364057165381ea296e49f8870a9ffce2b8a95e34d6ae06c759106aaef428c"
  name = "github.com/hashicorp/go-uuid"
  packages = ["."]
  pruneopts = "UT"
  revision = "4f571afc59f3043a65f8fe6bf46d887b10a01d43"
  version = "v1.0.1"

[[projects]]
  digest = "1:c0d19ab64b32ce9fe5cf4ddceba78d5bc9807f0016db6b1183599da3dcc24d10"
  name = "github.com/hashicorp/hcl"
  packages = [
    ".",
    "hcl/ast",
    "hcl/parser",
    "hcl/printer",
    "hcl/scanner",
    "hcl/strconv",
    "hcl/token",
    "json/parser",
    "json/scanner",
    "json/token",
  ]
  pruneopts = "UT"
  revision = "8cb6e5b959231cc1119e43259c4a608f9c51a241"
  version = "v1.0.0"

[[projects]]
  digest = "1:40df5774b3b342c9ec74cfeab74b1f3565852adb73eac655b107a1f2e2a06470"
  name = "github.com/hellofresh/logging-go"
  packages = ["."]
  pruneopts = "UT"
  revision = "4912379b996a90083d0c5e63d24bac471f16e342"
  version = "v0.3.0"

[[projects]]
  digest = "1:12b730b97ffe56c0ef20aa449eaaaaf747809d58f6212d8dc07c9ac1deb80beb"
  name = "github.com/hellofresh/stats-go"
  packages = [
    ".",
    "bucket",
    "client",
    "hooks",
    "incrementer",
    "log",
    "state",
    "timer",
  ]
  pruneopts = "UT"
  revision = "2217eefe1ccbabac7dc9d6e040c8fd2b79dd022f"
  version = "v0.8.0"

[[projects]]
  digest = "1:870d441fe217b8e689d7949fef6e43efbc787e50f200cb1e70dbca9204a1d6be"
  name = "github.com/inconshreveable/mousetrap"
  packages = ["."]
  pruneopts = "UT"
  revision = "76626ae9c91c4f2a10f34cad8ce83ea42c93bb75"
  version = "v1.0"

[[projects]]
  digest = "1:ae221758bdddd57f5c76f4ee5e4110af32ee62583c46299094697f8f127e63da"
  name = "github.com/jcmturner/gofork"
  packages = [
    "encoding/asn1",
    "x/crypto/pbkdf2",
  ]
  pruneopts = "UT"
  revision = "dc7c13fece037a4a36e2b3c69db4991498d30692"
  version = "v1.0.0"

[[projects]]
  digest = "1:fd9bea48bbc5bba66d9891c72af7255fbebecdff845c37c679406174ece5ca1b"
  name = "github.com/kelseyhightower/envconfig"
  packages = ["."]
  pruneopts = "UT"
  revision = "0b417c4ec4a8a82eecc22a1459a504aa55163d61"
  version = "v1.4.0"

[[projects]]
  digest = "1:31e761d97c76151dde79e9d28964a812c46efc5baee4085b86f68f0c654450de"
  name = "github.com/konsorten/go-windows-terminal-sequences"
  packages = ["."]
  pruneopts = "UT"
  revision = "f55edac94c9bbba5d6182a4be46d86a2c9b5b50e"
  version = "v1.0.2"

[[projects]]
  digest = "1:5a0ef768465592efca0412f7e838cdc0826712f8447e70e6ccc52eb441e9ab13"
  name = "github.com/magiconair/properties"
  packages = ["."]
  pruneopts = "UT"
  revision = "de8848e004dd33dc07a2947b3d76f618a7fc7ef1"
  version = "v1.8.1"

[[projects]]
  digest = "1:53bc4cd4914cd7cd52139990d5170d6dc99067ae31c56530621b18b35fc30318"
  name = "github.com/mitchellh/mapstructure"
  packages = ["."]
  pruneopts = "UT"
  revision = "3536a929edddb9a5b34bd6861dc4a9647cb459fe"
  version = "v1.1.2"

[[projects]]
  digest = "1:93131d8002d7025da13582877c32d1fc302486775a1b06f62241741006428c5e"
  name = "github.com/pelletier/go-toml"
  packages = ["."]
  pruneopts = "UT"
  revision = "728039f679cbcd4f6a54e080d2219a4c4928c546"
  version = "v1.4.0"

[[projects]]
  digest = "1:f690a0a27cefae695fa9587aa3ed23652e593be1d98b35f8184d10bccec30444"
  name = "github.com/pierrec/lz4"
  packages = [
    ".",
    "internal/xxh32",
  ]
  pruneopts = "UT"
  revision = "057d66e894a4e55853274a3bbbf7de02ba639e43"
  version = "v2.2.4"

[[projects]]
  digest = "1:cf31692c14422fa27c83a05292eb5cbe0fb2775972e8f1f8446a71549bd8980b"
  name = "github.com/pkg/errors"
  packages = ["."]
  pruneopts = "UT"
  revision = "ba968bfe8b2f7e042a574c888954fccecfa385b4"
  version = "v0.8.1"

[[projects]]
  digest = "1:0028cb19b2e4c3112225cd871870f2d9cf49b9b4276531f03438a88e94be86fe"
  name = "github.com/pmezard/go-difflib"
  packages = ["difflib"]
  pruneopts = "UT"
  revision = "792786c7400a136282c1664665ae0a8db921c6c2"
  version = "v1.0.0"

[[projects]]
  digest = "1:f47724eb0fa71ed255cc51fd69f7845f4bdb30e7657a3d62a17fecc8b72fd926"
  name = "github.com/rafaeljusto/redigomock"
  packages = ["."]
  pruneopts = "UT"
  revision = "257e089e14a15ee7bf9e8e845fd1229b6bf80048"
  version = "v2.2"

[[projects]]
  branch = "master"
  digest = "1:267844804416a11470a2fbf68549b98959e22d77e0921e2349276958477f08a3"
  name = "github.com/rcrowley/go-metrics"
  packages = ["."]
  pruneopts = "UT"
  revision = "9beb055b7962d16947a14e1cd718098a2431e20e"

[[projects]]
  digest = "1:0a406a3f53396d476d8673920e58a1100ed706e3e6666a0355e6d32cb3430651"
  name = "github.com/sirupsen/logrus"
  packages = [
    ".",
    "hooks/syslog",
  ]
  pruneopts = "UT"
  revision = "839c75faf7f98a33d445d181f3018b5c3409a45e"
  version = "v1.4.2"

[[projects]]
  digest = "1:bb495ec276ab82d3dd08504bbc0594a65de8c3b22c6f2aaa92d05b73fbf3a82e"
  name = "github.com/spf13/afero"
  packages = [
    ".",
    "mem",
  ]
  pruneopts = "UT"
  revision = "588a75ec4f32903aa5e39a2619ba6a4631e28424"
  version = "v1.2.2"

[[projects]]
  digest = "1:08d65904057412fc0270fc4812a1c90c594186819243160dc779a402d4b6d0bc"
  name = "github.com/spf13/cast"
  packages = ["."]
  pruneopts = "UT"
  revision = "8c9545af88b134710ab1cd196795e7f2388358d7"
  version = "v1.3.0"

[[projects]]
  digest = "1:e096613fb7cf34743d49af87d197663cfccd61876e2219853005a57baedfa562"
  name = "github.com/spf13/cobra"
  packages = ["."]
  pruneopts = "UT"
  revision = "f2b07da1e2c38d5f12845a4f607e2e1018cbb1f5"
  version = "v0.0.5"

[[projects]]
  digest = "1:1b753ec16506f5864d26a28b43703c58831255059644351bbcb019b843950900"
  name = "github.com/spf13/jwalterweatherman"
  packages = ["."]
  pruneopts = "UT"
  revision = "94f6ae3ed3bceceafa716478c5fbf8d29ca601a1"
  version = "v1.1.0"

[[projects]]
  digest = "1:c1b1102241e7f645bc8e0c22ae352e8f0dc6484b6cb4d132fa9f24174e0119e2"
  name = "github.com/spf13/pflag"
  packages = ["."]
  pruneopts = "UT"
  revision = "298182f68c66c05229eb03ac171abe6e309ee79a"
  version = "v1.0.3"

[[projects]]
  digest = "1:11118bd196646c6515fea3d6c43f66162833c6ae4939bfb229b9956d91c6cf17"
  name = "github.com/spf13/viper"
  packages = ["."]
  pruneopts = "UT"
  revision = "b5bf975e5823809fb22c7644d008757f78a4259e"
  version = "v1.4.0"

[[projects]]
  branch = "master"
  digest = "1:d6bb6f3240a488ffe5bb6952b513569d009927dcb20ff94885f87b76cef2b698"
  name = "github.com/streadway/amqp"
  packages = ["."]
  pruneopts = "UT"
  revision = "75d898a42a940fbc854dfd1a4199eabdc00cf024"

[[projects]]
  digest = "1:5da8ce674952566deae4dbc23d07c85caafc6cfa815b0b3e03e41979cedb8750"
  name = "github.com/stretchr/testify"
  packages = [
    "assert",
    "require",
  ]
  pruneopts = "UT"
  revision = "ffdc059bfe9ce6a4e144ba849dbedead332c6053"
  version = "v1.3.0"

[[projects]]
  branch = "master"
  digest = "1:04b43fe96213ea69cfa6e6b8be218a43a375035ea09d9bdda9fed2691f5a7e76"
  name = "golang.org/x/crypto"
  packages = [
    "md4",
    "pbkdf2",
  ]
  pruneopts = "UT"
  revision = "4def268fd1a49955bfb3dda92fe3db4f924f2285"

[[projects]]
  branch = "master"
  digest = "1:3e0062766e6b0bcfe1ba1ed1d3f08a8e1e99cd5831426e2596dc9537d28f2adb"
  name = "golang.org/x/net"
  packages = [
    "internal/socks",
    "proxy",
  ]
  pruneopts = "UT"
  revision = "da137c7871d730100384dbcf36e6f8fa493aef5b"

[[projects]]
  branch = "master"
  digest = "1:5632b0c4d972da51b5914f09fc5c1a8535e9d8d5d937e95ef83c423a0dd67f13"
  name = "golang.org/x/sys"
  packages = ["unix"]
  pruneopts = "UT"
  revision = "fae7ac547cb717d141c433a2a173315e216b64c4"

[[projects]]
  digest = "1:1093f2eb4b344996604f7d8b29a16c5b22ab9e1b25652140d3fede39f640d5cd"
  name = "golang.org/x/text"
  packages = [
    "internal/gen",
    "internal/triegen",
    "internal/ucd",
    "transform",
    "unicode/cldr",
    "unicode/norm",
  ]
  pruneopts = "UT"
  revision = "342b2e1fbaa52c93f31447ad2c6abc048c63e475"
  version = "v0.3.2"

[[projects]]
  digest = "1:38b469493eb173db9c03321d64adcad4c7991ea0a19b5edc5bdc094f0e8c7384"
  name = "gopkg.in/alexcesaro/statsd.v2"
  packages = ["."]
  pruneopts = "UT"
  revision = "7fea3f0d2fab1ad973e641e51dba45443a311a90"
  version = "v2.0.0"

[[projects]]
  digest = "1:ae1572be6ac4149043b8fe6fe7cac4a3e132b95a202eba46516636ba40f8906f"
  name = "gopkg.in/gemnasium/logrus-graylog-hook.v2"
  packages = ["."]
  pruneopts = "UT"
  revision = "c4a7de647eaaac00ffea599b7773e5e6804fa3b7"
  version = "v2.0.7"

[[projects]]
  digest = "1:c902038ee2d6f964d3b9f2c718126571410c5d81251cbab9fe58abd37803513c"
  name = "gopkg.in/jcmturner/aescts.v1"
  packages = ["."]
  pruneopts = "UT"
  revision = "f6abebb3171c4c1b1fea279cb7c7325020a26290"
  version = "v1.0.1"

[[projects]]
  digest = "1:a1a3e185c03d79a7452d5d5b4c91be4cc433f55e6ed3a35233d852c966e39013"
  name = "gopkg.in/jcmturner/dnsutils.v1"
  packages = ["."]
  pruneopts = "UT"
  revision = "13eeb8d49ffb74d7a75784c35e4d900607a3943c"
  version = "v1.0.1"

[[projects]]
  digest = "1:dc01a587d07be012625ba63df6d4224ae6d7a83e79bfebde6d987c10538d66dd"
  name = "gopkg.in/jcmturner/gokrb5.v7"
  packages = [
    "asn1tools",
    "client",
    "config",
    "credentials",
    "crypto",
    "crypto/common",
    "crypto/etype",
    "crypto/rfc3961",
    "crypto/rfc3962",
    "crypto/rfc4757",
    "crypto/rfc8009",
    "gssapi",
    "iana",
    "iana/addrtype",
    "iana/adtype",
    "iana/asnAppTag",
    "iana/chksumtype",
    "iana/errorcode",
    "iana/etypeID",
    "iana/flags",
    "iana/keyusage",
    "iana/msgtype",
    "iana/nametype",
    "iana/patype",
    "kadmin",
    "keytab",
    "krberror",
    "messages",
    "pac",
    "types",
  ]
  pruneopts = "UT"
  revision = "363118e62befa8a14ff01031c025026077fe5d6d"
  version = "v7.3.0"

[[projects]]
  digest = "1:0f16d9c577198e3b8d3209f5a89aabe679525b2aba2a7548714e973035c0e232"
  name = "gopkg.in/jcmturner/rpc.v1"
  packages = [
    "mstypes",
    "ndr",
  ]
  pruneopts = "UT"
  revision = "99a8ce2fbf8b8087b6ed12a37c61b10f04070043"
  version = "v1.1.0"

[[projects]]
  digest = "1:4d2e5a73dc1500038e504a8d78b986630e3626dc027bc030ba5c75da257cdb96"
  name = "gopkg.in/yaml.v2"
  packages = ["."]
  pruneopts = "UT"
  revision = "51d6538a90f86fe93ac480b35f37b2be17fef232"
  version = "v2.2.2"

[solve-meta]
  analyzer-name = "dep"
  analyzer-version = 1
  input-imports = [
    "github.com/Shopify/sarama",
    "github.com/garyburd/redigo/redis",
    "github.com/gofrs/uuid",
    "github.com/hellofresh/logging-go",
    "github.com/hellofresh/stats-go",
    "github.com/hellofresh/stats-go/bucket",
    "github.com/hellofresh/stats-go/client",
    "github.com/hellofresh/stats-go/hooks",
    "github.com/hellofresh/stats-go/log",
    "github.com/kelseyhightower/envconfig",
    "github.com/rafaeljusto/redigomock",
    "github.com/sirupsen/logrus",
    "github.com/spf13/cobra",
    "github.com/spf13/viper",
    "github.com/streadway/amqp",
    "github.com/stretchr/testify/assert",
    "github.com/stretchr/testify/require",
  ]
  solver-name = "gps-cdcl"
  solver-version = 1
